
Microsoft Visual Studio Solution File, Format Version 12.00
# Visual Studio Version 17
VisualStudioVersion = 17.11.35222.181
MinimumVisualStudioVersion = 10.0.40219.1
Project("{FAE04EC0-301F-11D3-BF4B-00C04F79EFBC}") = "Scp268", "Scp268\Scp268.csproj", "{28B306AF-7376-47AE-9A80-FDF22107BE90}"
EndProject
Global
	GlobalSection(SolutionConfigurationPlatforms) = preSolution
		Debug|Any CPU = Debug|Any CPU
		Release|Any CPU = Release|Any CPU
	EndGlobalSection
	GlobalSection(ProjectConfigurationPlatforms) = postSolution
		{28B306AF-7376-47AE-9A80-FDF22107BE90}.Debug|Any CPU.ActiveCfg = Debug|Any CPU
		{28B306AF-7376-47AE-9A80-FDF22107BE90}.Debug|Any CPU.Build.0 = Debug|Any CPU
		{28B306AF-7376-47AE-9A80-FDF22107BE90}.Release|Any CPU.ActiveCfg = Release|Any CPU
		{28B306AF-7376-47AE-9A80-FDF22107BE90}.Release|Any CPU.Build.0 = Release|Any CPU
	EndGlobalSection
	GlobalSection(SolutionProperties) = preSolution
		HideSolutionNode = FALSE
	EndGlobalSection
	GlobalSection(ExtensibilityGlobals) = postSolution
		SolutionGuid = {761E1B76-ED4C-4610-A0B8-AAA9BCEC439C}
	EndGlobalSection
EndGlobal
